// !$*UTF8*$!
{
	archiveVersion = 1;
	classes = {
	};
	objectVersion = 56;
	objects = {

/* Begin PBXBuildFile section */
		1254FB1529E5E42C00C7CB27 /* LaunchDarkly in Frameworks */ = {isa = PBXBuildFile; productRef = 1254FB1429E5E42C00C7CB27 /* LaunchDarkly */; };
		1281B5C929DB60CB00A9E694 /* fantastic_enigmaApp.swift in Sources */ = {isa = PBXBuildFile; fileRef = 1281B5C829DB60CB00A9E694 /* fantastic_enigmaApp.swift */; };
		1281B5CB29DB60CB00A9E694 /* Persistence.swift in Sources */ = {isa = PBXBuildFile; fileRef = 1281B5CA29DB60CB00A9E694 /* Persistence.swift */; };
		1281B5CE29DB60CB00A9E694 /* fantastic_enigma.xcdatamodeld in Sources */ = {isa = PBXBuildFile; fileRef = 1281B5CC29DB60CB00A9E694 /* fantastic_enigma.xcdatamodeld */; };
		1281B5D029DB60CB00A9E694 /* ContentView.swift in Sources */ = {isa = PBXBuildFile; fileRef = 1281B5CF29DB60CB00A9E694 /* ContentView.swift */; };
		1281B5D229DB60CC00A9E694 /* Assets.xcassets in Resources */ = {isa = PBXBuildFile; fileRef = 1281B5D129DB60CC00A9E694 /* Assets.xcassets */; };
		1281B5D629DB60CC00A9E694 /* Preview Assets.xcassets in Resources */ = {isa = PBXBuildFile; fileRef = 1281B5D529DB60CC00A9E694 /* Preview Assets.xcassets */; };
		1281B5E029DB60CC00A9E694 /* fantastic_enigmaTests.swift in Sources */ = {isa = PBXBuildFile; fileRef = 1281B5DF29DB60CC00A9E694 /* fantastic_enigmaTests.swift */; };
		1281B5EA29DB60CC00A9E694 /* fantastic_enigmaUITests.swift in Sources */ = {isa = PBXBuildFile; fileRef = 1281B5E929DB60CC00A9E694 /* fantastic_enigmaUITests.swift */; };
		1281B5EC29DB60CC00A9E694 /* fantastic_enigmaUITestsLaunchTests.swift in Sources */ = {isa = PBXBuildFile; fileRef = 1281B5EB29DB60CC00A9E694 /* fantastic_enigmaUITestsLaunchTests.swift */; };
/* End PBXBuildFile section */

/* Begin PBXContainerItemProxy section */
		1281B5DC29DB60CC00A9E694 /* PBXContainerItemProxy */ = {
			isa = PBXContainerItemProxy;
			containerPortal = 1281B5BD29DB60CB00A9E694 /* Project object */;
			proxyType = 1;
			remoteGlobalIDString = 1281B5C429DB60CB00A9E694;
			remoteInfo = "fantastic-enigma";
		};
		1281B5E629DB60CC00A9E694 /* PBXContainerItemProxy */ = {
			isa = PBXContainerItemProxy;
			containerPortal = 1281B5BD29DB60CB00A9E694 /* Project object */;
			proxyType = 1;
			remoteGlobalIDString = 1281B5C429DB60CB00A9E694;
			remoteInfo = "fantastic-enigma";
		};
/* End PBXContainerItemProxy section */

/* Begin PBXFileReference section */
		1281B5C529DB60CB00A9E694 /* fantastic-enigma.app */ = {isa = PBXFileReference; explicitFileType = wrapper.application; includeInIndex = 0; path = "fantastic-enigma.app"; sourceTree = BUILT_PRODUCTS_DIR; };
		1281B5C829DB60CB00A9E694 /* fantastic_enigmaApp.swift */ = {isa = PBXFileReference; lastKnownFileType = sourcecode.swift; path = fantastic_enigmaApp.swift; sourceTree = "<group>"; };
		1281B5CA29DB60CB00A9E694 /* Persistence.swift */ = {isa = PBXFileReference; lastKnownFileType = sourcecode.swift; path = Persistence.swift; sourceTree = "<group>"; };
		1281B5CD29DB60CB00A9E694 /* fantastic_enigma.xcdatamodel */ = {isa = PBXFileReference; lastKnownFileType = wrapper.xcdatamodel; path = fantastic_enigma.xcdatamodel; sourceTree = "<group>"; };
		1281B5CF29DB60CB00A9E694 /* ContentView.swift */ = {isa = PBXFileReference; lastKnownFileType = sourcecode.swift; path = ContentView.swift; sourceTree = "<group>"; };
		1281B5D129DB60CC00A9E694 /* Assets.xcassets */ = {isa = PBXFileReference; lastKnownFileType = folder.assetcatalog; path = Assets.xcassets; sourceTree = "<group>"; };
		1281B5D329DB60CC00A9E694 /* fantastic_enigma.entitlements */ = {isa = PBXFileReference; lastKnownFileType = text.plist.entitlements; path = fantastic_enigma.entitlements; sourceTree = "<group>"; };
		1281B5D529DB60CC00A9E694 /* Preview Assets.xcassets */ = {isa = PBXFileReference; lastKnownFileType = folder.assetcatalog; path = "Preview Assets.xcassets"; sourceTree = "<group>"; };
		1281B5DB29DB60CC00A9E694 /* fantastic-enigmaTests.xctest */ = {isa = PBXFileReference; explicitFileType = wrapper.cfbundle; includeInIndex = 0; path = "fantastic-enigmaTests.xctest"; sourceTree = BUILT_PRODUCTS_DIR; };
		1281B5DF29DB60CC00A9E694 /* fantastic_enigmaTests.swift */ = {isa = PBXFileReference; lastKnownFileType = sourcecode.swift; path = fantastic_enigmaTests.swift; sourceTree = "<group>"; };
		1281B5E529DB60CC00A9E694 /* fantastic-enigmaUITests.xctest */ = {isa = PBXFileReference; explicitFileType = wrapper.cfbundle; includeInIndex = 0; path = "fantastic-enigmaUITests.xctest"; sourceTree = BUILT_PRODUCTS_DIR; };
		1281B5E929DB60CC00A9E694 /* fantastic_enigmaUITests.swift */ = {isa = PBXFileReference; lastKnownFileType = sourcecode.swift; path = fantastic_enigmaUITests.swift; sourceTree = "<group>"; };
		1281B5EB29DB60CC00A9E694 /* fantastic_enigmaUITestsLaunchTests.swift */ = {isa = PBXFileReference; lastKnownFileType = sourcecode.swift; path = fantastic_enigmaUITestsLaunchTests.swift; sourceTree = "<group>"; };
/* End PBXFileReference section */

/* Begin PBXFrameworksBuildPhase section */
		1281B5C229DB60CB00A9E694 /* Frameworks */ = {
			isa = PBXFrameworksBuildPhase;
			buildActionMask = 2147483647;
			files = (
				1254FB1529E5E42C00C7CB27 /* LaunchDarkly in Frameworks */,
			);
			runOnlyForDeploymentPostprocessing = 0;
		};
		1281B5D829DB60CC00A9E694 /* Frameworks */ = {
			isa = PBXFrameworksBuildPhase;
			buildActionMask = 2147483647;
			files = (
			);
			runOnlyForDeploymentPostprocessing = 0;
		};
		1281B5E229DB60CC00A9E694 /* Frameworks */ = {
			isa = PBXFrameworksBuildPhase;
			buildActionMask = 2147483647;
			files = (
			);
			runOnlyForDeploymentPostprocessing = 0;
		};
/* End PBXFrameworksBuildPhase section */

/* Begin PBXGroup section */
		1281B5BC29DB60CB00A9E694 = {
			isa = PBXGroup;
			children = (
				1281B5C729DB60CB00A9E694 /* fantastic-enigma */,
				1281B5DE29DB60CC00A9E694 /* fantastic-enigmaTests */,
				1281B5E829DB60CC00A9E694 /* fantastic-enigmaUITests */,
				1281B5C629DB60CB00A9E694 /* Products */,
			);
			sourceTree = "<group>";
		};
		1281B5C629DB60CB00A9E694 /* Products */ = {
			isa = PBXGroup;
			children = (
				1281B5C529DB60CB00A9E694 /* fantastic-enigma.app */,
				1281B5DB29DB60CC00A9E694 /* fantastic-enigmaTests.xctest */,
				1281B5E529DB60CC00A9E694 /* fantastic-enigmaUITests.xctest */,
			);
			name = Products;
			sourceTree = "<group>";
		};
		1281B5C729DB60CB00A9E694 /* fantastic-enigma */ = {
			isa = PBXGroup;
			children = (
				1281B5C829DB60CB00A9E694 /* fantastic_enigmaApp.swift */,
				1281B5CA29DB60CB00A9E694 /* Persistence.swift */,
				1281B5CF29DB60CB00A9E694 /* ContentView.swift */,
				1281B5D129DB60CC00A9E694 /* Assets.xcassets */,
				1281B5D329DB60CC00A9E694 /* fantastic_enigma.entitlements */,
				1281B5CC29DB60CB00A9E694 /* fantastic_enigma.xcdatamodeld */,
				1281B5D429DB60CC00A9E694 /* Preview Content */,
			);
			path = "fantastic-enigma";
			sourceTree = "<group>";
		};
		1281B5D429DB60CC00A9E694 /* Preview Content */ = {
			isa = PBXGroup;
			children = (
				1281B5D529DB60CC00A9E694 /* Preview Assets.xcassets */,
			);
			path = "Preview Content";
			sourceTree = "<group>";
		};
		1281B5DE29DB60CC00A9E694 /* fantastic-enigmaTests */ = {
			isa = PBXGroup;
			children = (
				1281B5DF29DB60CC00A9E694 /* fantastic_enigmaTests.swift */,
			);
			path = "fantastic-enigmaTests";
			sourceTree = "<group>";
		};
		1281B5E829DB60CC00A9E694 /* fantastic-enigmaUITests */ = {
			isa = PBXGroup;
			children = (
				1281B5E929DB60CC00A9E694 /* fantastic_enigmaUITests.swift */,
				1281B5EB29DB60CC00A9E694 /* fantastic_enigmaUITestsLaunchTests.swift */,
			);
			path = "fantastic-enigmaUITests";
			sourceTree = "<group>";
		};
/* End PBXGroup section */

/* Begin PBXNativeTarget section */
		1281B5C429DB60CB00A9E694 /* fantastic-enigma */ = {
			isa = PBXNativeTarget;
			buildConfigurationList = 1281B5EF29DB60CC00A9E694 /* Build configuration list for PBXNativeTarget "fantastic-enigma" */;
			buildPhases = (
				1281B5C129DB60CB00A9E694 /* Sources */,
				1281B5C229DB60CB00A9E694 /* Frameworks */,
				1281B5C329DB60CB00A9E694 /* Resources */,
			);
			buildRules = (
			);
			dependencies = (
			);
			name = "fantastic-enigma";
			packageProductDependencies = (
				1254FB1429E5E42C00C7CB27 /* LaunchDarkly */,
			);
			productName = "fantastic-enigma";
			productReference = 1281B5C529DB60CB00A9E694 /* fantastic-enigma.app */;
			productType = "com.apple.product-type.application";
		};
		1281B5DA29DB60CC00A9E694 /* fantastic-enigmaTests */ = {
			isa = PBXNativeTarget;
			buildConfigurationList = 1281B5F229DB60CC00A9E694 /* Build configuration list for PBXNativeTarget "fantastic-enigmaTests" */;
			buildPhases = (
				1281B5D729DB60CC00A9E694 /* Sources */,
				1281B5D829DB60CC00A9E694 /* Frameworks */,
				1281B5D929DB60CC00A9E694 /* Resources */,
			);
			buildRules = (
			);
			dependencies = (
				1281B5DD29DB60CC00A9E694 /* PBXTargetDependency */,
			);
			name = "fantastic-enigmaTests";
			productName = "fantastic-enigmaTests";
			productReference = 1281B5DB29DB60CC00A9E694 /* fantastic-enigmaTests.xctest */;
			productType = "com.apple.product-type.bundle.unit-test";
		};
		1281B5E429DB60CC00A9E694 /* fantastic-enigmaUITests */ = {
			isa = PBXNativeTarget;
			buildConfigurationList = 1281B5F529DB60CC00A9E694 /* Build configuration list for PBXNativeTarget "fantastic-enigmaUITests" */;
			buildPhases = (
				1281B5E129DB60CC00A9E694 /* Sources */,
				1281B5E229DB60CC00A9E694 /* Frameworks */,
				1281B5E329DB60CC00A9E694 /* Resources */,
			);
			buildRules = (
			);
			dependencies = (
				1281B5E729DB60CC00A9E694 /* PBXTargetDependency */,
			);
			name = "fantastic-enigmaUITests";
			productName = "fantastic-enigmaUITests";
			productReference = 1281B5E529DB60CC00A9E694 /* fantastic-enigmaUITests.xctest */;
			productType = "com.apple.product-type.bundle.ui-testing";
		};
/* End PBXNativeTarget section */

/* Begin PBXProject section */
		1281B5BD29DB60CB00A9E694 /* Project object */ = {
			isa = PBXProject;
			attributes = {
				BuildIndependentTargetsInParallel = 1;
				LastSwiftUpdateCheck = 1420;
				LastUpgradeCheck = 1420;
				TargetAttributes = {
					1281B5C429DB60CB00A9E694 = {
						CreatedOnToolsVersion = 14.2;
					};
					1281B5DA29DB60CC00A9E694 = {
						CreatedOnToolsVersion = 14.2;
						TestTargetID = 1281B5C429DB60CB00A9E694;
					};
					1281B5E429DB60CC00A9E694 = {
						CreatedOnToolsVersion = 14.2;
						TestTargetID = 1281B5C429DB60CB00A9E694;
					};
				};
			};
			buildConfigurationList = 1281B5C029DB60CB00A9E694 /* Build configuration list for PBXProject "fantastic-enigma" */;
			compatibilityVersion = "Xcode 14.0";
			developmentRegion = en;
			hasScannedForEncodings = 0;
			knownRegions = (
				en,
				Base,
			);
			mainGroup = 1281B5BC29DB60CB00A9E694;
			packageReferences = (
				1254FB1329E5E42C00C7CB27 /* XCRemoteSwiftPackageReference "ios-client-sdk" */,
			);
			productRefGroup = 1281B5C629DB60CB00A9E694 /* Products */;
			projectDirPath = "";
			projectRoot = "";
			targets = (
				1281B5C429DB60CB00A9E694 /* fantastic-enigma */,
				1281B5DA29DB60CC00A9E694 /* fantastic-enigmaTests */,
				1281B5E429DB60CC00A9E694 /* fantastic-enigmaUITests */,
			);
		};
/* End PBXProject section */

/* Begin PBXResourcesBuildPhase section */
		1281B5C329DB60CB00A9E694 /* Resources */ = {
			isa = PBXResourcesBuildPhase;
			buildActionMask = 2147483647;
			files = (
				1281B5D629DB60CC00A9E694 /* Preview Assets.xcassets in Resources */,
				1281B5D229DB60CC00A9E694 /* Assets.xcassets in Resources */,
			);
			runOnlyForDeploymentPostprocessing = 0;
		};
		1281B5D929DB60CC00A9E694 /* Resources */ = {
			isa = PBXResourcesBuildPhase;
			buildActionMask = 2147483647;
			files = (
			);
			runOnlyForDeploymentPostprocessing = 0;
		};
		1281B5E329DB60CC00A9E694 /* Resources */ = {
			isa = PBXResourcesBuildPhase;
			buildActionMask = 2147483647;
			files = (
			);
			runOnlyForDeploymentPostprocessing = 0;
		};
/* End PBXResourcesBuildPhase section */

/* Begin PBXSourcesBuildPhase section */
		1281B5C129DB60CB00A9E694 /* Sources */ = {
			isa = PBXSourcesBuildPhase;
			buildActionMask = 2147483647;
			files = (
				1281B5C929DB60CB00A9E694 /* fantastic_enigmaApp.swift in Sources */,
				1281B5CB29DB60CB00A9E694 /* Persistence.swift in Sources */,
				1281B5D029DB60CB00A9E694 /* ContentView.swift in Sources */,
				1281B5CE29DB60CB00A9E694 /* fantastic_enigma.xcdatamodeld in Sources */,
			);
			runOnlyForDeploymentPostprocessing = 0;
		};
		1281B5D729DB60CC00A9E694 /* Sources */ = {
			isa = PBXSourcesBuildPhase;
			buildActionMask = 2147483647;
			files = (
				1281B5E029DB60CC00A9E694 /* fantastic_enigmaTests.swift in Sources */,
			);
			runOnlyForDeploymentPostprocessing = 0;
		};
		1281B5E129DB60CC00A9E694 /* Sources */ = {
			isa = PBXSourcesBuildPhase;
			buildActionMask = 2147483647;
			files = (
				1281B5EA29DB60CC00A9E694 /* fantastic_enigmaUITests.swift in Sources */,
				1281B5EC29DB60CC00A9E694 /* fantastic_enigmaUITestsLaunchTests.swift in Sources */,
			);
			runOnlyForDeploymentPostprocessing = 0;
		};
/* End PBXSourcesBuildPhase section */

/* Begin PBXTargetDependency section */
		1281B5DD29DB60CC00A9E694 /* PBXTargetDependency */ = {
			isa = PBXTargetDependency;
			target = 1281B5C429DB60CB00A9E694 /* fantastic-enigma */;
			targetProxy = 1281B5DC29DB60CC00A9E694 /* PBXContainerItemProxy */;
		};
		1281B5E729DB60CC00A9E694 /* PBXTargetDependency */ = {
			isa = PBXTargetDependency;
			target = 1281B5C429DB60CB00A9E694 /* fantastic-enigma */;
			targetProxy = 1281B5E629DB60CC00A9E694 /* PBXContainerItemProxy */;
		};
/* End PBXTargetDependency section */

/* Begin XCBuildConfiguration section */
		1281B5ED29DB60CC00A9E694 /* Debug */ = {
			isa = XCBuildConfiguration;
			buildSettings = {
				ALWAYS_SEARCH_USER_PATHS = NO;
				CLANG_ANALYZER_NONNULL = YES;
				CLANG_ANALYZER_NUMBER_OBJECT_CONVERSION = YES_AGGRESSIVE;
				CLANG_CXX_LANGUAGE_STANDARD = "gnu++20";
				CLANG_ENABLE_MODULES = YES;
				CLANG_ENABLE_OBJC_ARC = YES;
				CLANG_ENABLE_OBJC_WEAK = YES;
				CLANG_WARN_BLOCK_CAPTURE_AUTORELEASING = YES;
				CLANG_WARN_BOOL_CONVERSION = YES;
				CLANG_WARN_COMMA = YES;
				CLANG_WARN_CONSTANT_CONVERSION = YES;
				CLANG_WARN_DEPRECATED_OBJC_IMPLEMENTATIONS = YES;
				CLANG_WARN_DIRECT_OBJC_ISA_USAGE = YES_ERROR;
				CLANG_WARN_DOCUMENTATION_COMMENTS = YES;
				CLANG_WARN_EMPTY_BODY = YES;
				CLANG_WARN_ENUM_CONVERSION = YES;
				CLANG_WARN_INFINITE_RECURSION = YES;
				CLANG_WARN_INT_CONVERSION = YES;
				CLANG_WARN_NON_LITERAL_NULL_CONVERSION = YES;
				CLANG_WARN_OBJC_IMPLICIT_RETAIN_SELF = YES;
				CLANG_WARN_OBJC_LITERAL_CONVERSION = YES;
				CLANG_WARN_OBJC_ROOT_CLASS = YES_ERROR;
				CLANG_WARN_QUOTED_INCLUDE_IN_FRAMEWORK_HEADER = YES;
				CLANG_WARN_RANGE_LOOP_ANALYSIS = YES;
				CLANG_WARN_STRICT_PROTOTYPES = YES;
				CLANG_WARN_SUSPICIOUS_MOVE = YES;
				CLANG_WARN_UNGUARDED_AVAILABILITY = YES_AGGRESSIVE;
				CLANG_WARN_UNREACHABLE_CODE = YES;
				CLANG_WARN__DUPLICATE_METHOD_MATCH = YES;
				COPY_PHASE_STRIP = NO;
				DEBUG_INFORMATION_FORMAT = dwarf;
				ENABLE_STRICT_OBJC_MSGSEND = YES;
				ENABLE_TESTABILITY = YES;
				GCC_C_LANGUAGE_STANDARD = gnu11;
				GCC_DYNAMIC_NO_PIC = NO;
				GCC_NO_COMMON_BLOCKS = YES;
				GCC_OPTIMIZATION_LEVEL = 0;
				GCC_PREPROCESSOR_DEFINITIONS = (
					"DEBUG=1",
					"$(inherited)",
				);
				GCC_WARN_64_TO_32_BIT_CONVERSION = YES;
				GCC_WARN_ABOUT_RETURN_TYPE = YES_ERROR;
				GCC_WARN_UNDECLARED_SELECTOR = YES;
				GCC_WARN_UNINITIALIZED_AUTOS = YES_AGGRESSIVE;
				GCC_WARN_UNUSED_FUNCTION = YES;
				GCC_WARN_UNUSED_VARIABLE = YES;
				MTL_ENABLE_DEBUG_INFO = INCLUDE_SOURCE;
				MTL_FAST_MATH = YES;
				ONLY_ACTIVE_ARCH = YES;
				SWIFT_ACTIVE_COMPILATION_CONDITIONS = DEBUG;
				SWIFT_OPTIMIZATION_LEVEL = "-Onone";
			};
			name = Debug;
		};
		1281B5EE29DB60CC00A9E694 /* Release */ = {
			isa = XCBuildConfiguration;
			buildSettings = {
				ALWAYS_SEARCH_USER_PATHS = NO;
				CLANG_ANALYZER_NONNULL = YES;
				CLANG_ANALYZER_NUMBER_OBJECT_CONVERSION = YES_AGGRESSIVE;
				CLANG_CXX_LANGUAGE_STANDARD = "gnu++20";
				CLANG_ENABLE_MODULES = YES;
				CLANG_ENABLE_OBJC_ARC = YES;
				CLANG_ENABLE_OBJC_WEAK = YES;
				CLANG_WARN_BLOCK_CAPTURE_AUTORELEASING = YES;
				CLANG_WARN_BOOL_CONVERSION = YES;
				CLANG_WARN_COMMA = YES;
				CLANG_WARN_CONSTANT_CONVERSION = YES;
				CLANG_WARN_DEPRECATED_OBJC_IMPLEMENTATIONS = YES;
				CLANG_WARN_DIRECT_OBJC_ISA_USAGE = YES_ERROR;
				CLANG_WARN_DOCUMENTATION_COMMENTS = YES;
				CLANG_WARN_EMPTY_BODY = YES;
				CLANG_WARN_ENUM_CONVERSION = YES;
				CLANG_WARN_INFINITE_RECURSION = YES;
				CLANG_WARN_INT_CONVERSION = YES;
				CLANG_WARN_NON_LITERAL_NULL_CONVERSION = YES;
				CLANG_WARN_OBJC_IMPLICIT_RETAIN_SELF = YES;
				CLANG_WARN_OBJC_LITERAL_CONVERSION = YES;
				CLANG_WARN_OBJC_ROOT_CLASS = YES_ERROR;
				CLANG_WARN_QUOTED_INCLUDE_IN_FRAMEWORK_HEADER = YES;
				CLANG_WARN_RANGE_LOOP_ANALYSIS = YES;
				CLANG_WARN_STRICT_PROTOTYPES = YES;
				CLANG_WARN_SUSPICIOUS_MOVE = YES;
				CLANG_WARN_UNGUARDED_AVAILABILITY = YES_AGGRESSIVE;
				CLANG_WARN_UNREACHABLE_CODE = YES;
				CLANG_WARN__DUPLICATE_METHOD_MATCH = YES;
				COPY_PHASE_STRIP = NO;
				DEBUG_INFORMATION_FORMAT = "dwarf-with-dsym";
				ENABLE_NS_ASSERTIONS = NO;
				ENABLE_STRICT_OBJC_MSGSEND = YES;
				GCC_C_LANGUAGE_STANDARD = gnu11;
				GCC_NO_COMMON_BLOCKS = YES;
				GCC_WARN_64_TO_32_BIT_CONVERSION = YES;
				GCC_WARN_ABOUT_RETURN_TYPE = YES_ERROR;
				GCC_WARN_UNDECLARED_SELECTOR = YES;
				GCC_WARN_UNINITIALIZED_AUTOS = YES_AGGRESSIVE;
				GCC_WARN_UNUSED_FUNCTION = YES;
				GCC_WARN_UNUSED_VARIABLE = YES;
				MTL_ENABLE_DEBUG_INFO = NO;
				MTL_FAST_MATH = YES;
				SWIFT_COMPILATION_MODE = wholemodule;
				SWIFT_OPTIMIZATION_LEVEL = "-O";
			};
			name = Release;
		};
		1281B5F029DB60CC00A9E694 /* Debug */ = {
			isa = XCBuildConfiguration;
			buildSettings = {
				ASSETCATALOG_COMPILER_APPICON_NAME = AppIcon;
				ASSETCATALOG_COMPILER_GLOBAL_ACCENT_COLOR_NAME = AccentColor;
				CODE_SIGN_ENTITLEMENTS = "fantastic-enigma/fantastic_enigma.entitlements";
				CODE_SIGN_STYLE = Automatic;
				CURRENT_PROJECT_VERSION = 1;
				DEVELOPMENT_ASSET_PATHS = "\"fantastic-enigma/Preview Content\"";
				DEVELOPMENT_TEAM = 28Y3XT764W;
				ENABLE_HARDENED_RUNTIME = YES;
				ENABLE_PREVIEWS = YES;
				GENERATE_INFOPLIST_FILE = YES;
				"INFOPLIST_KEY_UIApplicationSceneManifest_Generation[sdk=iphoneos*]" = YES;
				"INFOPLIST_KEY_UIApplicationSceneManifest_Generation[sdk=iphonesimulator*]" = YES;
				"INFOPLIST_KEY_UIApplicationSupportsIndirectInputEvents[sdk=iphoneos*]" = YES;
				"INFOPLIST_KEY_UIApplicationSupportsIndirectInputEvents[sdk=iphonesimulator*]" = YES;
				"INFOPLIST_KEY_UILaunchScreen_Generation[sdk=iphoneos*]" = YES;
				"INFOPLIST_KEY_UILaunchScreen_Generation[sdk=iphonesimulator*]" = YES;
				"INFOPLIST_KEY_UIStatusBarStyle[sdk=iphoneos*]" = UIStatusBarStyleDefault;
				"INFOPLIST_KEY_UIStatusBarStyle[sdk=iphonesimulator*]" = UIStatusBarStyleDefault;
				INFOPLIST_KEY_UISupportedInterfaceOrientations_iPad = "UIInterfaceOrientationPortrait UIInterfaceOrientationPortraitUpsideDown UIInterfaceOrientationLandscapeLeft UIInterfaceOrientationLandscapeRight";
				INFOPLIST_KEY_UISupportedInterfaceOrientations_iPhone = "UIInterfaceOrientationPortrait UIInterfaceOrientationLandscapeLeft UIInterfaceOrientationLandscapeRight";
				IPHONEOS_DEPLOYMENT_TARGET = 16.2;
				LD_RUNPATH_SEARCH_PATHS = "@executable_path/Frameworks";
				"LD_RUNPATH_SEARCH_PATHS[sdk=macosx*]" = "@executable_path/../Frameworks";
				MACOSX_DEPLOYMENT_TARGET = 13.1;
				MARKETING_VERSION = 1.0;
				PRODUCT_BUNDLE_IDENTIFIER = "com.bluezombie.fantastic-enigma";
				PRODUCT_NAME = "$(TARGET_NAME)";
				SDKROOT = auto;
				SUPPORTED_PLATFORMS = "iphoneos iphonesimulator macosx";
				SWIFT_EMIT_LOC_STRINGS = YES;
				SWIFT_VERSION = 5.0;
				TARGETED_DEVICE_FAMILY = "1,2";
			};
			name = Debug;
		};
		1281B5F129DB60CC00A9E694 /* Release */ = {
			isa = XCBuildConfiguration;
			buildSettings = {
				ASSETCATALOG_COMPILER_APPICON_NAME = AppIcon;
				ASSETCATALOG_COMPILER_GLOBAL_ACCENT_COLOR_NAME = AccentColor;
				CODE_SIGN_ENTITLEMENTS = "fantastic-enigma/fantastic_enigma.entitlements";
				CODE_SIGN_STYLE = Automatic;
				CURRENT_PROJECT_VERSION = 1;
				DEVELOPMENT_ASSET_PATHS = "\"fantastic-enigma/Preview Content\"";
				DEVELOPMENT_TEAM = 28Y3XT764W;
				ENABLE_HARDENED_RUNTIME = YES;
				ENABLE_PREVIEWS = YES;
				GENERATE_INFOPLIST_FILE = YES;
				"INFOPLIST_KEY_UIApplicationSceneManifest_Generation[sdk=iphoneos*]" = YES;
				"INFOPLIST_KEY_UIApplicationSceneManifest_Generation[sdk=iphonesimulator*]" = YES;
				"INFOPLIST_KEY_UIApplicationSupportsIndirectInputEvents[sdk=iphoneos*]" = YES;
				"INFOPLIST_KEY_UIApplicationSupportsIndirectInputEvents[sdk=iphonesimulator*]" = YES;
				"INFOPLIST_KEY_UILaunchScreen_Generation[sdk=iphoneos*]" = YES;
				"INFOPLIST_KEY_UILaunchScreen_Generation[sdk=iphonesimulator*]" = YES;
				"INFOPLIST_KEY_UIStatusBarStyle[sdk=iphoneos*]" = UIStatusBarStyleDefault;
				"INFOPLIST_KEY_UIStatusBarStyle[sdk=iphonesimulator*]" = UIStatusBarStyleDefault;
				INFOPLIST_KEY_UISupportedInterfaceOrientations_iPad = "UIInterfaceOrientationPortrait UIInterfaceOrientationPortraitUpsideDown UIInterfaceOrientationLandscapeLeft UIInterfaceOrientationLandscapeRight";
				INFOPLIST_KEY_UISupportedInterfaceOrientations_iPhone = "UIInterfaceOrientationPortrait UIInterfaceOrientationLandscapeLeft UIInterfaceOrientationLandscapeRight";
				IPHONEOS_DEPLOYMENT_TARGET = 16.2;
				LD_RUNPATH_SEARCH_PATHS = "@executable_path/Frameworks";
				"LD_RUNPATH_SEARCH_PATHS[sdk=macosx*]" = "@executable_path/../Frameworks";
				MACOSX_DEPLOYMENT_TARGET = 13.1;
				MARKETING_VERSION = 1.0;
				PRODUCT_BUNDLE_IDENTIFIER = "com.bluezombie.fantastic-enigma";
				PRODUCT_NAME = "$(TARGET_NAME)";
				SDKROOT = auto;
				SUPPORTED_PLATFORMS = "iphoneos iphonesimulator macosx";
				SWIFT_EMIT_LOC_STRINGS = YES;
				SWIFT_VERSION = 5.0;
				TARGETED_DEVICE_FAMILY = "1,2";
			};
			name = Release;
		};
		1281B5F329DB60CC00A9E694 /* Debug */ = {
			isa = XCBuildConfiguration;
			buildSettings = {
				ALWAYS_EMBED_SWIFT_STANDARD_LIBRARIES = YES;
				BUNDLE_LOADER = "$(TEST_HOST)";
				CODE_SIGN_STYLE = Automatic;
				CURRENT_PROJECT_VERSION = 1;
				DEVELOPMENT_TEAM = 28Y3XT764W;
				GENERATE_INFOPLIST_FILE = YES;
				IPHONEOS_DEPLOYMENT_TARGET = 16.2;
				MACOSX_DEPLOYMENT_TARGET = 13.1;
				MARKETING_VERSION = 1.0;
				PRODUCT_BUNDLE_IDENTIFIER = "com.bluezombie.fantastic-enigmaTests";
				PRODUCT_NAME = "$(TARGET_NAME)";
				SDKROOT = auto;
				SUPPORTED_PLATFORMS = "iphoneos iphonesimulator macosx";
				SWIFT_EMIT_LOC_STRINGS = NO;
				SWIFT_VERSION = 5.0;
				TARGETED_DEVICE_FAMILY = "1,2";
				TEST_HOST = "$(BUILT_PRODUCTS_DIR)/fantastic-enigma.app/$(BUNDLE_EXECUTABLE_FOLDER_PATH)/fantastic-enigma";
			};
			name = Debug;
		};
		1281B5F429DB60CC00A9E694 /* Release */ = {
			isa = XCBuildConfiguration;
			buildSettings = {
				ALWAYS_EMBED_SWIFT_STANDARD_LIBRARIES = YES;
				BUNDLE_LOADER = "$(TEST_HOST)";
				CODE_SIGN_STYLE = Automatic;
				CURRENT_PROJECT_VERSION = 1;
				DEVELOPMENT_TEAM = 28Y3XT764W;
				GENERATE_INFOPLIST_FILE = YES;
				IPHONEOS_DEPLOYMENT_TARGET = 16.2;
				MACOSX_DEPLOYMENT_TARGET = 13.1;
				MARKETING_VERSION = 1.0;
				PRODUCT_BUNDLE_IDENTIFIER = "com.bluezombie.fantastic-enigmaTests";
				PRODUCT_NAME = "$(TARGET_NAME)";
				SDKROOT = auto;
				SUPPORTED_PLATFORMS = "iphoneos iphonesimulator macosx";
				SWIFT_EMIT_LOC_STRINGS = NO;
				SWIFT_VERSION = 5.0;
				TARGETED_DEVICE_FAMILY = "1,2";
				TEST_HOST = "$(BUILT_PRODUCTS_DIR)/fantastic-enigma.app/$(BUNDLE_EXECUTABLE_FOLDER_PATH)/fantastic-enigma";
			};
			name = Release;
		};
		1281B5F629DB60CC00A9E694 /* Debug */ = {
			isa = XCBuildConfiguration;
			buildSettings = {
				ALWAYS_EMBED_SWIFT_STANDARD_LIBRARIES = YES;
				CODE_SIGN_STYLE = Automatic;
				CURRENT_PROJECT_VERSION = 1;
				DEVELOPMENT_TEAM = 28Y3XT764W;
				GENERATE_INFOPLIST_FILE = YES;
				IPHONEOS_DEPLOYMENT_TARGET = 16.2;
				MACOSX_DEPLOYMENT_TARGET = 13.1;
				MARKETING_VERSION = 1.0;
				PRODUCT_BUNDLE_IDENTIFIER = "com.bluezombie.fantastic-enigmaUITests";
				PRODUCT_NAME = "$(TARGET_NAME)";
				SDKROOT = auto;
				SUPPORTED_PLATFORMS = "iphoneos iphonesimulator macosx";
				SWIFT_EMIT_LOC_STRINGS = NO;
				SWIFT_VERSION = 5.0;
				TARGETED_DEVICE_FAMILY = "1,2";
				TEST_TARGET_NAME = "fantastic-enigma";
			};
			name = Debug;
		};
		1281B5F729DB60CC00A9E694 /* Release */ = {
			isa = XCBuildConfiguration;
			buildSettings = {
				ALWAYS_EMBED_SWIFT_STANDARD_LIBRARIES = YES;
				CODE_SIGN_STYLE = Automatic;
				CURRENT_PROJECT_VERSION = 1;
				DEVELOPMENT_TEAM = 28Y3XT764W;
				GENERATE_INFOPLIST_FILE = YES;
				IPHONEOS_DEPLOYMENT_TARGET = 16.2;
				MACOSX_DEPLOYMENT_TARGET = 13.1;
				MARKETING_VERSION = 1.0;
				PRODUCT_BUNDLE_IDENTIFIER = "com.bluezombie.fantastic-enigmaUITests";
				PRODUCT_NAME = "$(TARGET_NAME)";
				SDKROOT = auto;
				SUPPORTED_PLATFORMS = "iphoneos iphonesimulator macosx";
				SWIFT_EMIT_LOC_STRINGS = NO;
				SWIFT_VERSION = 5.0;
				TARGETED_DEVICE_FAMILY = "1,2";
				TEST_TARGET_NAME = "fantastic-enigma";
			};
			name = Release;
		};
/* End XCBuildConfiguration section */

/* Begin XCConfigurationList section */
		1281B5C029DB60CB00A9E694 /* Build configuration list for PBXProject "fantastic-enigma" */ = {
			isa = XCConfigurationList;
			buildConfigurations = (
				1281B5ED29DB60CC00A9E694 /* Debug */,
				1281B5EE29DB60CC00A9E694 /* Release */,
			);
			defaultConfigurationIsVisible = 0;
			defaultConfigurationName = Release;
		};
		1281B5EF29DB60CC00A9E694 /* Build configuration list for PBXNativeTarget "fantastic-enigma" */ = {
			isa = XCConfigurationList;
			buildConfigurations = (
				1281B5F029DB60CC00A9E694 /* Debug */,
				1281B5F129DB60CC00A9E694 /* Release */,
			);
			defaultConfigurationIsVisible = 0;
			defaultConfigurationName = Release;
		};
		1281B5F229DB60CC00A9E694 /* Build configuration list for PBXNativeTarget "fantastic-enigmaTests" */ = {
			isa = XCConfigurationList;
			buildConfigurations = (
				1281B5F329DB60CC00A9E694 /* Debug */,
				1281B5F429DB60CC00A9E694 /* Release */,
			);
			defaultConfigurationIsVisible = 0;
			defaultConfigurationName = Release;
		};
		1281B5F529DB60CC00A9E694 /* Build configuration list for PBXNativeTarget "fantastic-enigmaUITests" */ = {
			isa = XCConfigurationList;
			buildConfigurations = (
				1281B5F629DB60CC00A9E694 /* Debug */,
				1281B5F729DB60CC00A9E694 /* Release */,
			);
			defaultConfigurationIsVisible = 0;
			defaultConfigurationName = Release;
		};
/* End XCConfigurationList section */

/* Begin XCRemoteSwiftPackageReference section */
		1254FB1329E5E42C00C7CB27 /* XCRemoteSwiftPackageReference "ios-client-sdk" */ = {
			isa = XCRemoteSwiftPackageReference;
			repositoryURL = "https://github.com/launchdarkly/ios-client-sdk.git";
			requirement = {
				kind = upToNextMajorVersion;
				minimumVersion = 8.0.0;
			};
		};
/* End XCRemoteSwiftPackageReference section */

/* Begin XCSwiftPackageProductDependency section */
		1254FB1429E5E42C00C7CB27 /* LaunchDarkly */ = {
			isa = XCSwiftPackageProductDependency;
			package = 1254FB1329E5E42C00C7CB27 /* XCRemoteSwiftPackageReference "ios-client-sdk" */;
			productName = LaunchDarkly;
		};
/* End XCSwiftPackageProductDependency section */

/* Begin XCVersionGroup section */
		1281B5CC29DB60CB00A9E694 /* fantastic_enigma.xcdatamodeld */ = {
			isa = XCVersionGroup;
			children = (
				1281B5CD29DB60CB00A9E694 /* fantastic_enigma.xcdatamodel */,
			);
			currentVersion = 1281B5CD29DB60CB00A9E694 /* fantastic_enigma.xcdatamodel */;
			path = fantastic_enigma.xcdatamodeld;
			sourceTree = "<group>";
			versionGroupType = wrapper.xcdatamodel;
		};
/* End XCVersionGroup section */
	};
	rootObject = 1281B5BD29DB60CB00A9E694 /* Project object */;
}
